
Microsoft Visual Studio Solution File, Format Version 12.00
# Visual Studio Version 17
VisualStudioVersion = 17.4.33122.133
MinimumVisualStudioVersion = 10.0.40219.1
Project("{9A19103F-16F7-4668-BE54-9A1E7A4F7556}") = "AdventOfCode2022", "AdventOfCode2022\AdventOfCode2022.csproj", "{35AD7675-15FB-4E5F-8D11-E9C72CA8E0B8}"
EndProject
Project("{FAE04EC0-301F-11D3-BF4B-00C04F79EFBC}") = "AdventOfCode2022Benchmark", "AdventOfCode2022Benchmark\AdventOfCode2022Benchmark.csproj", "{4DC34D4B-0105-405F-A6CA-65638F8B74B6}"
EndProject
Global
	GlobalSection(SolutionConfigurationPlatforms) = preSolution
		Debug|Any CPU = Debug|Any CPU
		Release|Any CPU = Release|Any CPU
	EndGlobalSection
	GlobalSection(ProjectConfigurationPlatforms) = postSolution
		{35AD7675-15FB-4E5F-8D11-E9C72CA8E0B8}.Debug|Any CPU.ActiveCfg = Debug|Any CPU
		{35AD7675-15FB-4E5F-8D11-E9C72CA8E0B8}.Debug|Any CPU.Build.0 = Debug|Any CPU
		{35AD7675-15FB-4E5F-8D11-E9C72CA8E0B8}.Release|Any CPU.ActiveCfg = Release|Any CPU
		{35AD7675-15FB-4E5F-8D11-E9C72CA8E0B8}.Release|Any CPU.Build.0 = Release|Any CPU
		{4DC34D4B-0105-405F-A6CA-65638F8B74B6}.Debug|Any CPU.ActiveCfg = Debug|Any CPU
		{4DC34D4B-0105-405F-A6CA-65638F8B74B6}.Debug|Any CPU.Build.0 = Debug|Any CPU
		{4DC34D4B-0105-405F-A6CA-65638F8B74B6}.Release|Any CPU.ActiveCfg = Release|Any CPU
		{4DC34D4B-0105-405F-A6CA-65638F8B74B6}.Release|Any CPU.Build.0 = Release|Any CPU
	EndGlobalSection
	GlobalSection(SolutionProperties) = preSolution
		HideSolutionNode = FALSE
	EndGlobalSection
	GlobalSection(ExtensibilityGlobals) = postSolution
		SolutionGuid = {DBE76EF6-78E4-4E3F-9C1C-55A092DCE039}
	EndGlobalSection
EndGlobal
